
Microsoft Visual Studio Solution File, Format Version 12.00
# Visual Studio 15
VisualStudioVersion = 15.0.27703.2035
MinimumVisualStudioVersion = 10.0.40219.1
Project("{FAE04EC0-301F-11D3-BF4B-00C04F79EFBC}") = "medicalOfficeCore", "medicalOfficeCore\medicalOfficeCore.csproj", "{320E96C4-D597-44D9-AA98-D0338481564A}"
EndProject
Global
	GlobalSection(SolutionConfigurationPlatforms) = preSolution
		Debug|Any CPU = Debug|Any CPU
		Release|Any CPU = Release|Any CPU
	EndGlobalSection
	GlobalSection(ProjectConfigurationPlatforms) = postSolution
		{320E96C4-D597-44D9-AA98-D0338481564A}.Debug|Any CPU.ActiveCfg = Debug|Any CPU
		{320E96C4-D597-44D9-AA98-D0338481564A}.Debug|Any CPU.Build.0 = Debug|Any CPU
		{320E96C4-D597-44D9-AA98-D0338481564A}.Release|Any CPU.ActiveCfg = Release|Any CPU
		{320E96C4-D597-44D9-AA98-D0338481564A}.Release|Any CPU.Build.0 = Release|Any CPU
	EndGlobalSection
	GlobalSection(SolutionProperties) = preSolution
		HideSolutionNode = FALSE
	EndGlobalSection
	GlobalSection(ExtensibilityGlobals) = postSolution
		SolutionGuid = {62D408C7-978C-45BB-9393-27729E638A50}
	EndGlobalSection
EndGlobal
